
Microsoft Visual Studio Solution File, Format Version 12.00
# Visual Studio Version 17
VisualStudioVersion = 17.1.32210.238
MinimumVisualStudioVersion = 10.0.40219.1
Project("{9A19103F-16F7-4668-BE54-9A1E7A4F7556}") = "ChatApp.API", "ChatApp.API\ChatApp.API.csproj", "{35EDD5D4-2DBE-4104-AB5C-B4FD2791A8A1}"
EndProject
Project("{FAE04EC0-301F-11D3-BF4B-00C04F79EFBC}") = "ChatApp.Core", "ChatApp.Core\ChatApp.Core.csproj", "{58090EA6-4F5D-4E42-892D-CC9FB7C6BFB6}"
EndProject
Project("{FAE04EC0-301F-11D3-BF4B-00C04F79EFBC}") = "ChatApp.Data", "ChatApp.Data\ChatApp.Data.csproj", "{8C92E024-7CEA-4BFB-A48B-1723A5ECC020}"
EndProject
Global
	GlobalSection(SolutionConfigurationPlatforms) = preSolution
		Debug|Any CPU = Debug|Any CPU
		Release|Any CPU = Release|Any CPU
	EndGlobalSection
	GlobalSection(ProjectConfigurationPlatforms) = postSolution
		{35EDD5D4-2DBE-4104-AB5C-B4FD2791A8A1}.Debug|Any CPU.ActiveCfg = Debug|Any CPU
		{35EDD5D4-2DBE-4104-AB5C-B4FD2791A8A1}.Debug|Any CPU.Build.0 = Debug|Any CPU
		{35EDD5D4-2DBE-4104-AB5C-B4FD2791A8A1}.Release|Any CPU.ActiveCfg = Release|Any CPU
		{35EDD5D4-2DBE-4104-AB5C-B4FD2791A8A1}.Release|Any CPU.Build.0 = Release|Any CPU
		{58090EA6-4F5D-4E42-892D-CC9FB7C6BFB6}.Debug|Any CPU.ActiveCfg = Debug|Any CPU
		{58090EA6-4F5D-4E42-892D-CC9FB7C6BFB6}.Debug|Any CPU.Build.0 = Debug|Any CPU
		{58090EA6-4F5D-4E42-892D-CC9FB7C6BFB6}.Release|Any CPU.ActiveCfg = Release|Any CPU
		{58090EA6-4F5D-4E42-892D-CC9FB7C6BFB6}.Release|Any CPU.Build.0 = Release|Any CPU
		{8C92E024-7CEA-4BFB-A48B-1723A5ECC020}.Debug|Any CPU.ActiveCfg = Debug|Any CPU
		{8C92E024-7CEA-4BFB-A48B-1723A5ECC020}.Debug|Any CPU.Build.0 = Debug|Any CPU
		{8C92E024-7CEA-4BFB-A48B-1723A5ECC020}.Release|Any CPU.ActiveCfg = Release|Any CPU
		{8C92E024-7CEA-4BFB-A48B-1723A5ECC020}.Release|Any CPU.Build.0 = Release|Any CPU
	EndGlobalSection
	GlobalSection(SolutionProperties) = preSolution
		HideSolutionNode = FALSE
	EndGlobalSection
	GlobalSection(ExtensibilityGlobals) = postSolution
		SolutionGuid = {185591EB-CEA5-450A-99C7-5C3D3DA3C5C5}
	EndGlobalSection
EndGlobal
